{
    "_meta": {
        "hash": {
            "sha256": "ff71b6628cc0fa6cb7a4cb0b03155f9dc53dd8ebdf385f60e471a90d6667f10f"
        },
        "pipfile-spec": 6,
        "requires": {
            "python_version": "3.6"
        },
        "sources": [
            {
                "name": "pypi",
                "url": "https://pypi.org/simple",
                "verify_ssl": true
            }
        ]
    },
    "default": {
        "amqp": {
            "hashes": [
                "sha256:6e649ca13a7df3faacdc8bbb280aa9a6602d22fd9d545336077e573a1f4ff3b8",
                "sha256:77f1aef9410698d20eaeac5b73a87817365f457a507d82edf292e12cbb83b08d"
            ],
            "index": "pypi",
            "version": "==2.5.2"
        },
        "appdirs": {
            "hashes": [
                "sha256:9e5896d1372858f8dd3344faf4e5014d21849c756c8d5701f78f8a103b372d92",
                "sha256:d8b24664561d0d34ddfaec54636d502d7cea6e29c3eaf68f3df6180863e2166e"
            ],
            "index": "pypi",
            "version": "==1.4.3"
        },
        "asgiref": {
            "hashes": [
                "sha256:7e06d934a7718bf3975acbf87780ba678957b87c7adc056f13b6215d610695a0",
                "sha256:ea448f92fc35a0ef4b1508f53a04c4670255a3f33d22a81c8fc9c872036adbe5"
            ],
            "index": "pypi",
            "version": "==3.2.3"
        },
        "astroid": {
            "hashes": [
                "sha256:71ea07f44df9568a75d0f354c49143a4575d90645e9fead6dfb52c26a85ed13a",
                "sha256:840947ebfa8b58f318d42301cf8c0a20fd794a33b61cc4638e28e9e61ba32f42"
            ],
            "index": "pypi",
            "version": "==2.3.3"
        },
        "attrs": {
            "hashes": [
                "sha256:08a96c641c3a74e44eb59afb61a24f2cb9f4d7188748e76ba4bb5edfa3cb7d1c",
                "sha256:f7b7ce16570fe9965acd6d30101a28f62fb4a7f9e926b3bbc9b61f8b04247e72"
            ],
            "index": "pypi",
            "version": "==19.3.0"
        },
        "autopep8": {
            "hashes": [
                "sha256:0f592a0447acea0c2b0a9602be1e4e3d86db52badd2e3c84f0193bfd89fd3a43"
            ],
            "index": "pypi",
            "version": "==1.5"
        },
        "billiard": {
            "hashes": [
                "sha256:bff575450859a6e0fbc2f9877d9b715b0bbc07c3565bb7ed2280526a0cdf5ede",
                "sha256:d91725ce6425f33a97dfa72fb6bfef0e47d4652acd98a032bd1a7fbf06d5fa6a"
            ],
            "index": "pypi",
            "version": "==3.6.3.0"
        },
        "black": {
            "hashes": [
                "sha256:1b30e59be925fafc1ee4565e5e08abef6b03fe455102883820fe5ee2e4734e0b",
                "sha256:c2edb73a08e9e0e6f65a0e6af18b059b8b1cdd5bef997d7a0b181df93dc81539"
            ],
            "index": "pypi",
            "version": "==19.10b0"
        },
        "blessings": {
            "hashes": [
                "sha256:98e5854d805f50a5b58ac2333411b0482516a8210f23f43308baeb58d77c157d",
                "sha256:b1fdd7e7a675295630f9ae71527a8ebc10bfefa236b3d6aa4932ee4462c17ba3",
                "sha256:caad5211e7ba5afe04367cdd4cfc68fa886e2e08f6f35e76b7387d2109ccea6e"
            ],
            "index": "pypi",
            "version": "==1.7"
        },
        "bpython": {
            "hashes": [
                "sha256:56cc20dbe568c98c81de4990fddf5862c0d8d3ab0ad1cf7057988abc5f7686c2",
                "sha256:c7c6de7309311fd607d6cb47ef7e2d6e065d0a299199d51220d57732850a3efa"
            ],
            "index": "pypi",
            "version": "==0.18"
        },
        "bypass": {
            "hashes": [
                "sha256:e9192ca06b65702772a2490906e2542e24d3bdab9ab1a582ac3885b77d239ddc"
            ],
            "index": "pypi",
            "version": "==0.1.2"
        },
        "celery": {
            "hashes": [
                "sha256:3c5fcd6bfcf9a6323cb742cfc121d1790d50cfeddf300ba723cfa0b356413f07",
                "sha256:a650525303ee866fb0c62c82f68681fcc2183eebbfafae552c27d30125fe518b"
            ],
            "index": "pypi",
            "version": "==4.4.1"
        },
        "certifi": {
            "hashes": [
                "sha256:017c25db2a153ce562900032d5bc68e9f191e44e9a0f762f373977de9df1fbb3",
                "sha256:25b64c7da4cd7479594d035c08c2d809eb4aab3a26e5a990ea98cc450c320f1f"
            ],
            "index": "pypi",
            "version": "==2019.11.28"
        },
        "chardet": {
            "hashes": [
                "sha256:84ab92ed1c4d4f16916e05906b6b75a6c0fb5db821cc65e70cbd64a3e2a5eaae",
                "sha256:fc323ffcaeaed0e0a02bf4d117757b98aed530d9ed4531e3e15460124c106691"
            ],
            "index": "pypi",
            "version": "==3.0.4"
        },
        "click": {
            "hashes": [
                "sha256:29f99fc6125fbc931b758dc053b3114e55c77a6e4c6c3a2674a2dc986016381d",
                "sha256:f15516df478d5a56180fbf80e68f206010e6d160fc39fa508b65e035fd75130b"
            ],
            "index": "pypi",
            "version": "==6.7"
        },
        "construct": {
            "hashes": [
                "sha256:b2233bc7c6a4d73803f5806bc3167e4935daa3ea8a5cd056cbabbdb9c3d79a36"
            ],
            "index": "pypi",
            "version": "==2.5.3"
        },
        "curtsies": {
            "hashes": [
                "sha256:9169d734323a1356e7563b1ca0bff3c5358c1b1dcce52506a9d4d8ab8a8f5604",
                "sha256:b2c913a8113c4382e1a221679f2338139b112839deb16c00ee873e57a4b33bd4"
            ],
            "index": "pypi",
            "version": "==0.3.1"
        },
        "defusedxml": {
            "hashes": [
                "sha256:6687150770438374ab581bb7a1b327a847dd9c5749e396102de3fad4e8a3ef93",
                "sha256:f684034d135af4c6cbb949b8a4d2ed61634515257a67299e5f940fbaa34377f5"
            ],
            "index": "pypi",
            "version": "==0.6.0"
        },
        "dj-database-url": {
            "hashes": [
                "sha256:4aeaeb1f573c74835b0686a2b46b85990571159ffc21aa57ecd4d1e1cb334163",
                "sha256:851785365761ebe4994a921b433062309eb882fedd318e1b0fcecc607ed02da9"
            ],
            "index": "pypi",
            "version": "==0.5.0"
        },
        "django": {
            "hashes": [
                "sha256:1226168be1b1c7efd0e66ee79b0e0b58b2caa7ed87717909cd8a57bb13a7079a",
                "sha256:9a4635813e2d498a3c01b10c701fe4a515d76dd290aaa792ccb65ca4ccb6b038"
            ],
            "index": "pypi",
            "version": "==2.2.10"
        },
        "django-allauth": {
            "hashes": [
                "sha256:6a189fc4d3ee23596c3fd6e9f49c59b5b15618980118171a50675dd6a27cc589"
            ],
            "index": "pypi",
            "version": "==0.40.0"
        },
        "django-appconf": {
            "hashes": [
                "sha256:35f13ca4d567f132b960e2cd4c832c2d03cb6543452d34e29b7ba10371ba80e3",
                "sha256:c98a7af40062e996b921f5962a1c4f3f0c979fa7885f7be4710cceb90ebe13a6"
            ],
            "index": "pypi",
            "version": "==1.0.3"
        },
        "django-autocomplete-light": {
            "hashes": [
                "sha256:52e8d468060a5911c44300a374d74058c90e65bfdf87ace151abac67279c4ae5"
            ],
            "index": "pypi",
            "version": "==3.5.1"
        },
        "django-bootstrap-dynamic-formsets": {
            "hashes": [
                "sha256:d4573aee216a88b9fee4a1f11e8a95d1c3f31d96e3caeb3b0d1ed107aac99985"
            ],
            "index": "pypi",
            "version": "==0.5.0"
        },
        "django-bootstrap3": {
            "hashes": [
                "sha256:760f8664a15f9e1e6e0495265cebd3d4c65b1026e93e476e8322f10e1375f0b8",
                "sha256:d161d23824fc2f43c18449285961b994fc3fe620d782b13240e382a7b233344a"
            ],
            "index": "pypi",
            "version": "==12.0.3"
        },
        "django-braces": {
            "hashes": [
                "sha256:83705b78948de00804bfacf40c315d001bb39630f35bbdd8588211c2d5b4d43f",
                "sha256:a6d9b34cf3e4949635e54884097c30410d7964fc7bec7231445ea7079b8c5722"
            ],
            "index": "pypi",
            "version": "==1.14.0"
        },
        "django-celery-beat": {
            "hashes": [
                "sha256:fdf1255eecfbeb770c6521fe3e69989dfc6373cd5a7f0fe62038d37f80f47e48",
                "sha256:fe0b2a1b31d4a6234fea4b31986ddfd4644a48fab216ce1843f3ed0ddd2e9097"
            ],
            "index": "pypi",
            "version": "==2.0.0"
        },
        "django-celery-results": {
            "hashes": [
                "sha256:a29ab580f0e38c66c39f51cc426bbdbb2a391b8cc0867df9dea748db2c961db2",
                "sha256:e390f70cc43bbc2cd7c8e4607dc29ab6211a2ab968f93677583f0160921f670c"
            ],
            "index": "pypi",
            "version": "==1.2.1"
        },
        "django-crispy-forms": {
            "hashes": [
                "sha256:0320b303420fec9ce94e045321dfd180ca0e31e0336211c5d30ad0bda5ebbb5d",
                "sha256:22b6634e3a6316623e4eb062527fe5be5f97ea8b83020c65bcd8fac4747807b5"
            ],
            "index": "pypi",
            "version": "==1.8.0"
        },
        "django-debug-toolbar": {
            "hashes": [
                "sha256:eabbefe89881bbe4ca7c980ff102e3c35c8e8ad6eb725041f538988f2f39a943",
                "sha256:ff94725e7aae74b133d0599b9bf89bd4eb8f5d2c964106e61d11750228c8774c"
            ],
            "index": "pypi",
            "version": "==2.2"
        },
        "django-extensions": {
            "hashes": [
                "sha256:4524eca892d23fa6e93b0620901983b287ff5dc806f1b978d6a98541f06b9471",
                "sha256:936e8e3962024d3c75ea54f4e0248002404ca7ca7fb698430e60b06b5555b4e7"
            ],
            "index": "pypi",
            "version": "==2.2.6"
        },
        "django-haystack": {
            "hashes": [
                "sha256:8b54bcc926596765d0a3383d693bcdd76109c7abb6b2323b3984a39e3576028c"
            ],
            "index": "pypi",
            "version": "==2.8.1"
        },
        "django-hitcount": {
            "hashes": [
                "sha256:4747cecf72305d98e9a87c71d763b6078fd9e53d8771d0e1237be72523681cdf",
                "sha256:7d8a83eaf2d1c92c229772bd15131e50613f013cdb0f2d4057acdca3b178fd48"
            ],
            "index": "pypi",
            "version": "==1.3.1"
        },
        "django-markdown-deux": {
            "hashes": [
                "sha256:5b4a3cd9454af5b4cec0e19151b41d98d09400ddae0688afb81dbf62a4edafff"
            ],
            "index": "pypi",
            "version": "==1.0.5"
        },
        "django-pagedown": {
            "hashes": [
                "sha256:2558c14167baf05bb5205dccd880d1efc62b3a16530d98b165dc85fc26692eb1",
                "sha256:83b30134131a49358196f8c2f0e2e25d730ee7a820482a7fda5ef386c22b1d6c"
            ],
            "index": "pypi",
            "version": "==2.0.3"
        },
        "django-staticfiles": {
            "hashes": [
                "sha256:6c4371699bb316dc3e0db1ecf07c80d3d72827a789d73b165b0a592875621fe1"
            ],
            "index": "pypi",
            "version": "==1.2.1"
        },
        "django-timezone-field": {
            "hashes": [
                "sha256:758b7d41084e9ea2e89e59eb616e9b6326e6fbbf9d14b6ef062d624fe8cc6246",
                "sha256:7e3620fe2211c2d372fad54db8f86ff884098d018d56fda4dca5e64929e05ffc"
            ],
            "index": "pypi",
            "version": "==4.0"
        },
        "django-vote": {
            "hashes": [
                "sha256:44cee16a9a55da1a57524cad18f95f0b58317c6c7d9eb2676f56d47384d809a2"
            ],
            "index": "pypi",
            "version": "==2.1.7"
        },
        "djangorestframework": {
            "hashes": [
                "sha256:05809fc66e1c997fd9a32ea5730d9f4ba28b109b9da71fccfa5ff241201fd0a4",
                "sha256:e782087823c47a26826ee5b6fa0c542968219263fb3976ec3c31edab23a4001f"
            ],
            "index": "pypi",
            "version": "==3.11.0"
        },
        "future": {
            "hashes": [
                "sha256:b1bead90b70cf6ec3f0710ae53a525360fa360d306a86583adc6bf83a4db537d"
            ],
            "index": "pypi",
            "version": "==0.18.2"
        },
        "greenlet": {
            "hashes": [
                "sha256:000546ad01e6389e98626c1367be58efa613fa82a1be98b0c6fc24b563acc6d0",
                "sha256:0d48200bc50cbf498716712129eef819b1729339e34c3ae71656964dac907c28",
                "sha256:23d12eacffa9d0f290c0fe0c4e81ba6d5f3a5b7ac3c30a5eaf0126bf4deda5c8",
                "sha256:37c9ba82bd82eb6a23c2e5acc03055c0e45697253b2393c9a50cef76a3985304",
                "sha256:51155342eb4d6058a0ffcd98a798fe6ba21195517da97e15fca3db12ab201e6e",
                "sha256:51503524dd6f152ab4ad1fbd168fc6c30b5795e8c70be4410a64940b3abb55c0",
                "sha256:7457d685158522df483196b16ec648b28f8e847861adb01a55d41134e7734122",
                "sha256:8041e2de00e745c0e05a502d6e6db310db7faa7c979b3a5877123548a4c0b214",
                "sha256:81fcd96a275209ef117e9ec91f75c731fa18dcfd9ffaa1c0adbdaa3616a86043",
                "sha256:853da4f9563d982e4121fed8c92eea1a4594a2299037b3034c3c898cb8e933d6",
                "sha256:8b4572c334593d449113f9dc8d19b93b7b271bdbe90ba7509eb178923327b625",
                "sha256:9416443e219356e3c31f1f918a91badf2e37acf297e2fa13d24d1cc2380f8fbc",
                "sha256:9854f612e1b59ec66804931df5add3b2d5ef0067748ea29dc60f0efdcda9a638",
                "sha256:99a26afdb82ea83a265137a398f570402aa1f2b5dfb4ac3300c026931817b163",
                "sha256:a19bf883b3384957e4a4a13e6bd1ae3d85ae87f4beb5957e35b0be287f12f4e4",
                "sha256:a9f145660588187ff835c55a7d2ddf6abfc570c2651c276d3d4be8a2766db490",
                "sha256:ac57fcdcfb0b73bb3203b58a14501abb7e5ff9ea5e2edfa06bb03035f0cff248",
                "sha256:bcb530089ff24f6458a81ac3fa699e8c00194208a724b644ecc68422e1111939",
                "sha256:beeabe25c3b704f7d56b573f7d2ff88fc99f0138e43480cecdfcaa3b87fe4f87",
                "sha256:d634a7ea1fc3380ff96f9e44d8d22f38418c1c381d5fac680b272d7d90883720",
                "sha256:d97b0661e1aead761f0ded3b769044bb00ed5d33e1ec865e891a8b128bf7c656",
                "sha256:e538b8dae561080b542b0f5af64d47ef859f22517f7eca617bb314e0e03fd7ef"
            ],
            "index": "pypi",
            "version": "==0.4.15"
        },
        "gunicorn": {
            "hashes": [
                "sha256:aa8e0b40b4157b36a5df5e599f45c9c76d6af43845ba3b3b0efe2c70473c2471",
                "sha256:fa2662097c66f920f53f70621c6c58ca4a3c4d3434205e608e121b5b3b71f4f3"
            ],
            "index": "pypi",
            "version": "==19.9.0"
        },
        "haystack": {
            "hashes": [
                "sha256:3d1a906ddca6a08c6e5f965026cc1978f09795c65d5ab2c84b3c039378a9bec8",
                "sha256:4eaf0ba481d160639e240602734a9195f3dfc37c6c0ad132a14e9eb1454868f0"
            ],
            "index": "pypi",
            "version": "==0.42"
        },
        "httpie": {
            "hashes": [
                "sha256:8c04f9756f1a7eac71a6dfa0834d0f6813dc8a982d8564f3a7418dcd19107c09",
                "sha256:a64d4b68ea183d0f381891716d1ca37ce42010d030c354884ddbcbbca5ecf28d"
            ],
            "index": "pypi",
            "version": "==2.0.0"
        },
        "idna": {
            "hashes": [
                "sha256:c357b3f628cf53ae2c4c05627ecc484553142ca23264e593d327bcde5e9c3407",
                "sha256:ea8b7f6188e6fa117537c3df7da9fc686d485087abf6ac197f9c46432f7e4a3c"
            ],
            "index": "pypi",
            "version": "==2.8"
        },
        "importlib-metadata": {
            "hashes": [
                "sha256:06f5b3a99029c7134207dd882428a66992a9de2bef7c2b699b5641f9886c3302",
                "sha256:b97607a1a18a5100839aec1dc26a1ea17ee0d93b20b0f008d80a5a050afb200b"
            ],
            "index": "pypi",
            "version": "==1.5.0"
        },
        "isort": {
            "hashes": [
                "sha256:54da7e92468955c4fceacd0c86bd0ec997b0e1ee80d97f67c35a78b719dccab1",
                "sha256:6e811fcb295968434526407adb8796944f1988c5b65e8139058f2014cbe100fd"
            ],
            "index": "pypi",
            "version": "==4.3.21"
        },
        "kombu": {
            "hashes": [
                "sha256:2d1cda774126a044d91a7ff5fa6d09edf99f46924ab332a810760fe6740e9b76",
                "sha256:598e7e749d6ab54f646b74b2d2df67755dee13894f73ab02a2a9feb8870c7cb2"
            ],
            "index": "pypi",
            "version": "==4.6.8"
        },
        "lazy-object-proxy": {
            "hashes": [
                "sha256:0c4b206227a8097f05c4dbdd323c50edf81f15db3b8dc064d08c62d37e1a504d",
                "sha256:194d092e6f246b906e8f70884e620e459fc54db3259e60cf69a4d66c3fda3449",
                "sha256:1be7e4c9f96948003609aa6c974ae59830a6baecc5376c25c92d7d697e684c08",
                "sha256:4677f594e474c91da97f489fea5b7daa17b5517190899cf213697e48d3902f5a",
                "sha256:48dab84ebd4831077b150572aec802f303117c8cc5c871e182447281ebf3ac50",
                "sha256:5541cada25cd173702dbd99f8e22434105456314462326f06dba3e180f203dfd",
                "sha256:59f79fef100b09564bc2df42ea2d8d21a64fdcda64979c0fa3db7bdaabaf6239",
                "sha256:8d859b89baf8ef7f8bc6b00aa20316483d67f0b1cbf422f5b4dc56701c8f2ffb",
                "sha256:9254f4358b9b541e3441b007a0ea0764b9d056afdeafc1a5569eee1cc6c1b9ea",
                "sha256:9651375199045a358eb6741df3e02a651e0330be090b3bc79f6d0de31a80ec3e",
                "sha256:97bb5884f6f1cdce0099f86b907aa41c970c3c672ac8b9c8352789e103cf3156",
                "sha256:9b15f3f4c0f35727d3a0fba4b770b3c4ebbb1fa907dbcc046a1d2799f3edd142",
                "sha256:a2238e9d1bb71a56cd710611a1614d1194dc10a175c1e08d75e1a7bcc250d442",
                "sha256:a6ae12d08c0bf9909ce12385803a543bfe99b95fe01e752536a60af2b7797c62",
                "sha256:ca0a928a3ddbc5725be2dd1cf895ec0a254798915fb3a36af0964a0a4149e3db",
                "sha256:cb2c7c57005a6804ab66f106ceb8482da55f5314b7fcb06551db1edae4ad1531",
                "sha256:d74bb8693bf9cf75ac3b47a54d716bbb1a92648d5f781fc799347cfc95952383",
                "sha256:d945239a5639b3ff35b70a88c5f2f491913eb94871780ebfabb2568bd58afc5a",
                "sha256:eba7011090323c1dadf18b3b689845fd96a61ba0a1dfbd7f24b921398affc357",
                "sha256:efa1909120ce98bbb3777e8b6f92237f5d5c8ea6758efea36a473e1d38f7d3e4",
                "sha256:f3900e8a5de27447acbf900b4750b0ddfd7ec1ea7fbaf11dfa911141bc522af0"
            ],
            "index": "pypi",
            "version": "==1.4.3"
        },
        "markdown2": {
            "hashes": [
                "sha256:7ff88e00b396c02c8e1ecd8d176cfa418fb01fe81234dcea77803e7ce4f05dbe",
                "sha256:882d3607fc023cdea0ac2cd0e1147617fcb0361cb1133d3ff095417f995ff270"
            ],
            "index": "pypi",
            "version": "==2.3.8"
        },
        "mccabe": {
            "hashes": [
                "sha256:ab8a6258860da4b6677da4bd2fe5dc2c659cff31b3ee4f7f5d64e79735b80d42",
                "sha256:dd8d182285a0fe56bace7f45b5e7d1a6ebcbf524e8f3bd87eb0f125271b8831f"
            ],
            "index": "pypi",
            "version": "==0.6.1"
        },
        "oauthlib": {
            "hashes": [
                "sha256:bee41cc35fcca6e988463cacc3bcb8a96224f470ca547e697b604cc697b2f889",
                "sha256:df884cd6cbe20e32633f1db1072e9356f53638e4361bef4e8b03c9127c9328ea"
            ],
            "index": "pypi",
            "version": "==3.1.0"
        },
        "pathspec": {
            "hashes": [
                "sha256:163b0632d4e31cef212976cf57b43d9fd6b0bac6e67c26015d611a647d5e7424",
                "sha256:562aa70af2e0d434367d9790ad37aed893de47f1693e4201fd1d3dca15d19b96"
            ],
            "index": "pypi",
            "version": "==0.7.0"
        },
        "pbr": {
            "hashes": [
                "sha256:05f61c71aaefc02d8e37c0a3eeb9815ff526ea28b3b76324769e6158d7f95be1",
                "sha256:60c25b7dfd054ef9bb0ae327af949dd4676aa09ac3a9471cdc871d8a9213f9ac"
            ],
            "index": "pypi",
            "version": "==3.1.1"
        },
        "pefile": {
            "hashes": [
                "sha256:a5d6e8305c6b210849b47a6174ddf9c452b2888340b8177874b862ba6c207645"
            ],
            "index": "pypi",
            "version": "==2019.4.18"
        },
        "pep8": {
            "hashes": [
                "sha256:b22cfae5db09833bb9bd7c8463b53e1a9c9b39f12e304a8d0bba729c501827ee",
                "sha256:fe249b52e20498e59e0b5c5256aa52ee99fc295b26ec9eaa85776ffdb9fe6374"
            ],
            "index": "pypi",
            "version": "==1.7.1"
        },
        "pipenv": {
            "hashes": [
                "sha256:56ad5f5cb48f1e58878e14525a6e3129d4306049cb76d2f6a3e95df0d5fc6330",
                "sha256:7df8e33a2387de6f537836f48ac6fcd94eda6ed9ba3d5e3fd52e35b5bc7ff49e",
                "sha256:a673e606e8452185e9817a987572b55360f4d28b50831ef3b42ac3cab3fee846"
            ],
            "index": "pypi",
            "version": "==2018.11.26"
        },
        "psycopg2": {
            "hashes": [
                "sha256:4212ca404c4445dc5746c0d68db27d2cbfb87b523fe233dc84ecd24062e35677",
                "sha256:47fc642bf6f427805daf52d6e52619fe0637648fe27017062d898f3bf891419d",
                "sha256:72772181d9bad1fa349792a1e7384dde56742c14af2b9986013eb94a240f005b",
                "sha256:8396be6e5ff844282d4d49b81631772f80dabae5658d432202faf101f5283b7c",
                "sha256:893c11064b347b24ecdd277a094413e1954f8a4e8cdaf7ffbe7ca3db87c103f0",
                "sha256:92a07dfd4d7c325dd177548c4134052d4842222833576c8391aab6f74038fc3f",
                "sha256:965c4c93e33e6984d8031f74e51227bd755376a9df6993774fd5b6fb3288b1f4",
                "sha256:9ab75e0b2820880ae24b7136c4d230383e07db014456a476d096591172569c38",
                "sha256:b0845e3bdd4aa18dc2f9b6fb78fbd3d9d371ad167fd6d1b7ad01c0a6cdad4fc6",
                "sha256:dca2d7203f0dfce8ea4b3efd668f8ea65cd2b35112638e488a4c12594015f67b",
                "sha256:ed686e5926929887e2c7ae0a700e32c6129abb798b4ad2b846e933de21508151",
                "sha256:ef6df7e14698e79c59c7ee7cf94cd62e5b869db369ed4b1b8f7b729ea825712a",
                "sha256:f898e5cc0a662a9e12bde6f931263a1bbd350cfb18e1d5336a12927851825bb6"
            ],
            "index": "pypi",
            "version": "==2.8.4"
        },
        "pycodestyle": {
            "hashes": [
                "sha256:95a2219d12372f05704562a14ec30bc76b05a5b297b21a5dfe3f6fac3491ae56",
                "sha256:e40a936c9a450ad81df37f549d676d127b1b66000a6c500caa2b085bc0ca976c"
            ],
            "index": "pypi",
            "version": "==2.5.0"
        },
        "pygments": {
            "hashes": [
                "sha256:2a3fe295e54a20164a9df49c75fa58526d3be48e14aceba6d6b1e8ac0bfd6f1b",
                "sha256:98c8aa5a9f778fcd1026a17361ddaf7330d1b7c62ae97c3bb0ae73e0b9b6b0fe"
            ],
            "index": "pypi",
            "version": "==2.5.2"
        },
        "pylint": {
            "hashes": [
                "sha256:3db5468ad013380e987410a8d6956226963aed94ecb5f9d3a28acca6d9ac36cd",
                "sha256:886e6afc935ea2590b462664b161ca9a5e40168ea99e5300935f6591ad467df4"
            ],
            "index": "pypi",
            "version": "==2.4.4"
        },
        "python-crontab": {
            "hashes": [
                "sha256:3ac1608ff76032e6fc6e16b5fbf83b51557e0e066bf78e9f88571571e7bd7ae6"
            ],
            "index": "pypi",
            "version": "==2.4.0"
        },
        "python-dateutil": {
            "hashes": [
                "sha256:73ebfe9dbf22e832286dafa60473e4cd239f8592f699aa5adaf10050e6e1823c",
                "sha256:75bb3f31ea686f1197762692a9ee6a7550b59fc6ca3a1f4b5d7e32fb98e2da2a"
            ],
            "index": "pypi",
            "version": "==2.8.1"
        },
        "python-gnupg": {
            "hashes": [
                "sha256:1e4aa381bad3edbbdfcfb0ed0de73b26d6115f5090cdae9b5b6f6ff177a66aa7",
                "sha256:ef47b02eaf41dee3cf4b02ddf83130827318de9fe3eae89d01a3f05859e20e1a"
            ],
            "index": "pypi",
            "version": "==0.4.1"
        },
        "python-ptrace": {
            "hashes": [
                "sha256:8a168669b84b6cf7166672c1188648f6a7c8b49832de000f858a5ecef539ed64",
                "sha256:9885e9003e4a99c90b3bca1be9306181c9b40a33fc6e17b81027709be5e5cb87"
            ],
            "index": "pypi",
            "version": "==0.9.4"
        },
        "python3-openid": {
            "hashes": [
                "sha256:0086da6b6ef3161cfe50fb1ee5cceaf2cda1700019fda03c2c5c440ca6abe4fa",
                "sha256:628d365d687e12da12d02c6691170f4451db28d6d68d050007e4a40065868502"
            ],
            "index": "pypi",
            "version": "==3.1.0"
        },
        "pytz": {
            "hashes": [
                "sha256:1c557d7d0e871de1f5ccd5833f60fb2550652da6be2693c1e02300743d21500d",
                "sha256:b02c06db6cf09c12dd25137e563b31700d3b80fcc4ad23abb7a315f2789819be"
            ],
            "index": "pypi",
            "version": "==2019.3"
        },
        "redis": {
            "hashes": [
                "sha256:0dcfb335921b88a850d461dc255ff4708294943322bd55de6cfd68972490ca1f",
                "sha256:b205cffd05ebfd0a468db74f0eedbff8df1a7bfc47521516ade4692991bb0833"
            ],
            "index": "pypi",
            "version": "==3.4.1"
        },
        "regex": {
            "hashes": [
                "sha256:07b39bf943d3d2fe63d46281d8504f8df0ff3fe4c57e13d1656737950e53e525",
                "sha256:0932941cdfb3afcbc26cc3bcf7c3f3d73d5a9b9c56955d432dbf8bbc147d4c5b",
                "sha256:0e182d2f097ea8549a249040922fa2b92ae28be4be4895933e369a525ba36576",
                "sha256:10671601ee06cf4dc1bc0b4805309040bb34c9af423c12c379c83d7895622bb5",
                "sha256:23e2c2c0ff50f44877f64780b815b8fd2e003cda9ce817a7fd00dea5600c84a0",
                "sha256:26ff99c980f53b3191d8931b199b29d6787c059f2e029b2b0c694343b1708c35",
                "sha256:27429b8d74ba683484a06b260b7bb00f312e7c757792628ea251afdbf1434003",
                "sha256:3e77409b678b21a056415da3a56abfd7c3ad03da71f3051bbcdb68cf44d3c34d",
                "sha256:4e8f02d3d72ca94efc8396f8036c0d3bcc812aefc28ec70f35bb888c74a25161",
                "sha256:4eae742636aec40cf7ab98171ab9400393360b97e8f9da67b1867a9ee0889b26",
                "sha256:6a6ae17bf8f2d82d1e8858a47757ce389b880083c4ff2498dba17c56e6c103b9",
                "sha256:6a6ba91b94427cd49cd27764679024b14a96874e0dc638ae6bdd4b1a3ce97be1",
                "sha256:7bcd322935377abcc79bfe5b63c44abd0b29387f267791d566bbb566edfdd146",
                "sha256:98b8ed7bb2155e2cbb8b76f627b2fd12cf4b22ab6e14873e8641f266e0fb6d8f",
                "sha256:bd25bb7980917e4e70ccccd7e3b5740614f1c408a642c245019cff9d7d1b6149",
                "sha256:d0f424328f9822b0323b3b6f2e4b9c90960b24743d220763c7f07071e0778351",
                "sha256:d58e4606da2a41659c84baeb3cfa2e4c87a74cec89a1e7c56bee4b956f9d7461",
                "sha256:e3cd21cc2840ca67de0bbe4071f79f031c81418deb544ceda93ad75ca1ee9f7b",
                "sha256:e6c02171d62ed6972ca8631f6f34fa3281d51db8b326ee397b9c83093a6b7242",
                "sha256:e7c7661f7276507bce416eaae22040fd91ca471b5b33c13f8ff21137ed6f248c",
                "sha256:ecc6de77df3ef68fee966bb8cb4e067e84d4d1f397d0ef6fce46913663540d77"
            ],
            "index": "pypi",
            "version": "==2020.1.8"
        },
        "requests": {
            "hashes": [
                "sha256:11e007a8a2aa0323f5a921e9e6a2d7e4e67d9877e85773fba9ba6419025cbeb4",
                "sha256:9cf5292fcd0f598c671cfc1e0d7d1a7f13bb8085e9a590f48c010551dc6c4b31"
            ],
            "index": "pypi",
            "version": "==2.22.0"
        },
        "requests-oauthlib": {
            "hashes": [
                "sha256:7f71572defaecd16372f9006f33c2ec8c077c3cfa6f5911a9a90202beb513f3d",
                "sha256:b4261601a71fd721a8bd6d7aa1cc1d6a8a93b4a9f5e96626f8e4d91e8beeaa6a"
            ],
            "index": "pypi",
            "version": "==1.3.0"
        },
        "ruamel.yaml": {
            "hashes": [
                "sha256:10493c92c0e5bd57d576d73b708ed900532846ead1b381c5236c41d0c39f5f71",
                "sha256:2de7bd2d5713c46be9d1d489b028178c9497813f78bd0486a31bbe1c268d7f21",
                "sha256:2f28a3b6665697c20d841a4aee21cfb932bb0db91f293ff97daf845b914ddddb",
                "sha256:3127a87b274e516b3bf2058f64d784089322fddd7322f8e78e9f5380bdfee064",
                "sha256:3e87114aac9553c39eea4b88e258eb7fdce39b81a2c399a775efe1f64e4f3d7b",
                "sha256:4bdec0b1a4a12e4a35b788ef53e0b2efd1e9f815ca48615b5244ccdbc8f0b56b",
                "sha256:530bec874292bacbbb80a9143e5182ce436c2a2434a2ea83dda24d30b8e572df",
                "sha256:6432088ef1c3cdc4b304dcec6044e560160c1f51dd0360ae3f0887057d310056",
                "sha256:64868964b64cad9103f37d0b4fc0ec950e5b683bbc47bf4a1ea893fd70aaabf0",
                "sha256:87bdfb04981f1040ec60b1d1bfa8e7e4d89f7d06c86d4b2fa935002c62e43380",
                "sha256:c20e853cb585167fd5e4ce6e1b57fefe7bd4a61659f8fec5f77e12efa59a7a77",
                "sha256:c8da0ea47df5f2dee58f6f904335ac55098b7e72303b01414ce80f37dd3091df",
                "sha256:d92d90c9bc0945223e47223a67808dd97ac9390ed914cc6871479b7ba489e607",
                "sha256:ddf0e1277664fafff0ae692e8ea2fca56f1ee4daf686d9be785ccdf3a9542744",
                "sha256:dfd14829070728159d0dac55a19e4c77514cb8ad3ae3fc2ed065d7f24038b60f",
                "sha256:e884979944642b4ad3222cb102a0d4c17fed2d37abfffdf0f319fae6e41d436a",
                "sha256:f1e29054c6e477963e302b007b6cd1d6c7a58c38d78fabe64fde9ce170d2d1fd"
            ],
            "index": "pypi",
            "version": "==0.15.34"
        },
        "six": {
            "hashes": [
                "sha256:236bdbdce46e6e6a3d61a337c0f8b763ca1e8717c03b369e87a7ec7ce1319c0a",
                "sha256:8f3cd2e254d8f793e7f3d6d9df77b92252b52637291d0f0da013c76ea2724b6c"
            ],
            "index": "pypi",
            "version": "==1.14.0"
        },
        "sqlparse": {
            "hashes": [
                "sha256:40afe6b8d4b1117e7dff5504d7a8ce07d9a1b15aeeade8a2d10f130a834f8177",
                "sha256:7c3dca29c022744e95b547e867cee89f4fce4373f3549ccd8797d8eb52cdb873"
            ],
            "index": "pypi",
            "version": "==0.3.0"
        },
        "to": {
            "hashes": [
                "sha256:b51c951a04f0f7fa45cd99a871e0897e6a461e510b21860f145b95465544e51b"
            ],
            "index": "pypi",
            "version": "==0.3"
        },
        "toml": {
            "hashes": [
                "sha256:229f81c57791a41d65e399fc06bf0848bab550a9dfd5ed66df18ce5f05e73d5c",
                "sha256:235682dd292d5899d361a811df37e04a8828a5b1da3115886b73cf81ebc9100e"
            ],
            "index": "pypi",
            "version": "==0.10.0"
        },
        "typed-ast": {
            "hashes": [
                "sha256:0666aa36131496aed8f7be0410ff974562ab7eeac11ef351def9ea6fa28f6355",
                "sha256:0c2c07682d61a629b68433afb159376e24e5b2fd4641d35424e462169c0a7919",
                "sha256:249862707802d40f7f29f6e1aad8d84b5aa9e44552d2cc17384b209f091276aa",
                "sha256:24995c843eb0ad11a4527b026b4dde3da70e1f2d8806c99b7b4a7cf491612652",
                "sha256:269151951236b0f9a6f04015a9004084a5ab0d5f19b57de779f908621e7d8b75",
                "sha256:4083861b0aa07990b619bd7ddc365eb7fa4b817e99cf5f8d9cf21a42780f6e01",
                "sha256:498b0f36cc7054c1fead3d7fc59d2150f4d5c6c56ba7fb150c013fbc683a8d2d",
                "sha256:4e3e5da80ccbebfff202a67bf900d081906c358ccc3d5e3c8aea42fdfdfd51c1",
                "sha256:6daac9731f172c2a22ade6ed0c00197ee7cc1221aa84cfdf9c31defeb059a907",
                "sha256:715ff2f2df46121071622063fc7543d9b1fd19ebfc4f5c8895af64a77a8c852c",
                "sha256:73d785a950fc82dd2a25897d525d003f6378d1cb23ab305578394694202a58c3",
                "sha256:8c8aaad94455178e3187ab22c8b01a3837f8ee50e09cf31f1ba129eb293ec30b",
                "sha256:8ce678dbaf790dbdb3eba24056d5364fb45944f33553dd5869b7580cdbb83614",
                "sha256:aaee9905aee35ba5905cfb3c62f3e83b3bec7b39413f0a7f19be4e547ea01ebb",
                "sha256:bcd3b13b56ea479b3650b82cabd6b5343a625b0ced5429e4ccad28a8973f301b",
                "sha256:c9e348e02e4d2b4a8b2eedb48210430658df6951fa484e59de33ff773fbd4b41",
                "sha256:d205b1b46085271b4e15f670058ce182bd1199e56b317bf2ec004b6a44f911f6",
                "sha256:d43943ef777f9a1c42bf4e552ba23ac77a6351de620aa9acf64ad54933ad4d34",
                "sha256:d5d33e9e7af3b34a40dc05f498939f0ebf187f07c385fd58d591c533ad8562fe",
                "sha256:fc0fea399acb12edbf8a628ba8d2312f583bdbdb3335635db062fa98cf71fca4",
                "sha256:fe460b922ec15dd205595c9b5b99e2f056fd98ae8f9f56b888e7a17dc2b757e7"
            ],
            "index": "pypi",
            "version": "==1.4.1"
        },
        "urllib3": {
            "hashes": [
                "sha256:2f3db8b19923a873b3e5256dc9c2dedfa883e33d87c690d9c7913e1f40673cdc",
                "sha256:87716c2d2a7121198ebcb7ce7cccf6ce5e9ba539041cfbaeecfb641dc0bf6acc"
            ],
            "index": "pypi",
            "version": "==1.25.8"
        },
        "vine": {
            "hashes": [
                "sha256:133ee6d7a9016f177ddeaf191c1f58421a1dcc6ee9a42c58b34bed40e1d2cd87",
                "sha256:ea4947cc56d1fd6f2095c8d543ee25dad966f78692528e68b4fada11ba3f98af"
            ],
            "index": "pypi",
            "version": "==1.3.0"
        },
        "virtualenv": {
            "hashes": [
                "sha256:0d62c70883c0342d59c11d0ddac0d954d0431321a41ab20851facf2b222598f3",
                "sha256:55059a7a676e4e19498f1aad09b8313a38fcc0cdbe4fdddc0e9b06946d21b4bb"
            ],
            "index": "pypi",
            "version": "==16.7.9"
        },
        "virtualenv-clone": {
            "hashes": [
                "sha256:532f789a5c88adf339506e3ca03326f20ee82fd08ee5586b44dc859b5b4468c5",
                "sha256:c88ae171a11b087ea2513f260cdac9232461d8e9369bcd1dc143fc399d220557"
            ],
            "index": "pypi",
            "version": "==0.5.3"
        },
        "wcwidth": {
            "hashes": [
                "sha256:8fd29383f539be45b20bd4df0dc29c20ba48654a41e661925e612311e9f3c603",
                "sha256:f28b3e8a6483e5d49e7f8949ac1a78314e740333ae305b4ba5defd3e74fb37a8"
            ],
            "index": "pypi",
            "version": "==0.1.8"
        },
        "whitenoise": {
            "hashes": [
                "sha256:22f79cf8f1f509639330f93886acaece8ec5ac5e9600c3b981d33c34e8a42dfd",
                "sha256:6dfea214b7c12efd689007abf9afa87a426586e9dbc051873ad2c8e535e2a1ac"
            ],
            "index": "pypi",
            "version": "==4.1.4"
        },
        "wrapt": {
            "hashes": [
                "sha256:565a021fd19419476b9362b05eeaa094178de64f8361e44468f9e9d7843901e1"
            ],
            "index": "pypi",
            "version": "==1.11.2"
        },
        "zipp": {
            "hashes": [
                "sha256:aa36550ff0c0b7ef7fa639055d797116ee891440eac1a56f378e2d3179e0320b",
                "sha256:c599e4d75c98f6798c509911d08a22e6c021d074469042177c8c86fb92eefd96"
            ],
            "index": "pypi",
            "version": "==3.1.0"
        }
    },
    "develop": {}
}
